
Microsoft Visual Studio Solution File, Format Version 12.00
# Visual Studio 15
VisualStudioVersion = 15.0.28010.2046
MinimumVisualStudioVersion = 10.0.40219.1
Project("{8BC9CEB8-8B4A-11D0-8D11-00A0C91BC942}") = "PandoraTrader", "PandoraTrade\PandoraTrader.vcxproj", "{478B0471-4B94-48C8-8A8D-6539B9457D54}"
	ProjectSection(ProjectDependencies) = postProject
		{B3B810B5-370E-4A47-ACF9-3BC14481DC94} = {B3B810B5-370E-4A47-ACF9-3BC14481DC94}
	EndProjectSection
EndProject
Project("{8BC9CEB8-8B4A-11D0-8D11-00A0C91BC942}") = "PandoraSimulator", "PandoraSimulator\PandoraSimulator.vcxproj", "{C387EEDA-64D2-4CC3-8E9C-5704E53A16F5}"
	ProjectSection(ProjectDependencies) = postProject
		{B3B810B5-370E-4A47-ACF9-3BC14481DC94} = {B3B810B5-370E-4A47-ACF9-3BC14481DC94}
	EndProjectSection
EndProject
Project("{8BC9CEB8-8B4A-11D0-8D11-00A0C91BC942}") = "PandoraStrategy", "PandoraStrategy\PandoraStrategy.vcxproj", "{B3B810B5-370E-4A47-ACF9-3BC14481DC94}"
EndProject
Global
	GlobalSection(SolutionConfigurationPlatforms) = preSolution
		Debug|x64 = Debug|x64
		Debug|x86 = Debug|x86
		Release|x64 = Release|x64
		Release|x86 = Release|x86
	EndGlobalSection
	GlobalSection(ProjectConfigurationPlatforms) = postSolution
		{478B0471-4B94-48C8-8A8D-6539B9457D54}.Debug|x64.ActiveCfg = Debug|x64
		{478B0471-4B94-48C8-8A8D-6539B9457D54}.Debug|x64.Build.0 = Debug|x64
		{478B0471-4B94-48C8-8A8D-6539B9457D54}.Debug|x86.ActiveCfg = Debug|Win32
		{478B0471-4B94-48C8-8A8D-6539B9457D54}.Debug|x86.Build.0 = Debug|Win32
		{478B0471-4B94-48C8-8A8D-6539B9457D54}.Release|x64.ActiveCfg = Release|x64
		{478B0471-4B94-48C8-8A8D-6539B9457D54}.Release|x64.Build.0 = Release|x64
		{478B0471-4B94-48C8-8A8D-6539B9457D54}.Release|x86.ActiveCfg = Release|Win32
		{478B0471-4B94-48C8-8A8D-6539B9457D54}.Release|x86.Build.0 = Release|Win32
		{C387EEDA-64D2-4CC3-8E9C-5704E53A16F5}.Debug|x64.ActiveCfg = Debug|x64
		{C387EEDA-64D2-4CC3-8E9C-5704E53A16F5}.Debug|x64.Build.0 = Debug|x64
		{C387EEDA-64D2-4CC3-8E9C-5704E53A16F5}.Debug|x86.ActiveCfg = Debug|Win32
		{C387EEDA-64D2-4CC3-8E9C-5704E53A16F5}.Debug|x86.Build.0 = Debug|Win32
		{C387EEDA-64D2-4CC3-8E9C-5704E53A16F5}.Release|x64.ActiveCfg = Release|x64
		{C387EEDA-64D2-4CC3-8E9C-5704E53A16F5}.Release|x64.Build.0 = Release|x64
		{C387EEDA-64D2-4CC3-8E9C-5704E53A16F5}.Release|x86.ActiveCfg = Release|Win32
		{C387EEDA-64D2-4CC3-8E9C-5704E53A16F5}.Release|x86.Build.0 = Release|Win32
		{B3B810B5-370E-4A47-ACF9-3BC14481DC94}.Debug|x64.ActiveCfg = Debug|x64
		{B3B810B5-370E-4A47-ACF9-3BC14481DC94}.Debug|x64.Build.0 = Debug|x64
		{B3B810B5-370E-4A47-ACF9-3BC14481DC94}.Debug|x86.ActiveCfg = Debug|Win32
		{B3B810B5-370E-4A47-ACF9-3BC14481DC94}.Debug|x86.Build.0 = Debug|Win32
		{B3B810B5-370E-4A47-ACF9-3BC14481DC94}.Release|x64.ActiveCfg = Release|x64
		{B3B810B5-370E-4A47-ACF9-3BC14481DC94}.Release|x64.Build.0 = Release|x64
		{B3B810B5-370E-4A47-ACF9-3BC14481DC94}.Release|x86.ActiveCfg = Release|Win32
		{B3B810B5-370E-4A47-ACF9-3BC14481DC94}.Release|x86.Build.0 = Release|Win32
	EndGlobalSection
	GlobalSection(SolutionProperties) = preSolution
		HideSolutionNode = FALSE
	EndGlobalSection
	GlobalSection(ExtensibilityGlobals) = postSolution
		SolutionGuid = {37195075-1700-473A-8139-5F6BC80E5109}
	EndGlobalSection
EndGlobal
